
Microsoft Visual Studio Solution File, Format Version 12.00
# Visual Studio 15
VisualStudioVersion = 15.0.28307.1800
MinimumVisualStudioVersion = 10.0.40219.1
Project("{FAE04EC0-301F-11D3-BF4B-00C04F79EFBC}") = "RedSocial", "RedSocial\RedSocial.csproj", "{78A514C8-541D-487B-B191-955C97D3A01D}"
EndProject
Global
	GlobalSection(SolutionConfigurationPlatforms) = preSolution
		Debug|Any CPU = Debug|Any CPU
		Release|Any CPU = Release|Any CPU
	EndGlobalSection
	GlobalSection(ProjectConfigurationPlatforms) = postSolution
		{78A514C8-541D-487B-B191-955C97D3A01D}.Debug|Any CPU.ActiveCfg = Debug|Any CPU
		{78A514C8-541D-487B-B191-955C97D3A01D}.Debug|Any CPU.Build.0 = Debug|Any CPU
		{78A514C8-541D-487B-B191-955C97D3A01D}.Release|Any CPU.ActiveCfg = Release|Any CPU
		{78A514C8-541D-487B-B191-955C97D3A01D}.Release|Any CPU.Build.0 = Release|Any CPU
	EndGlobalSection
	GlobalSection(SolutionProperties) = preSolution
		HideSolutionNode = FALSE
	EndGlobalSection
	GlobalSection(ExtensibilityGlobals) = postSolution
		SolutionGuid = {4967C4C0-8ECA-4268-80E5-AD72B6B607A9}
	EndGlobalSection
EndGlobal
